
Microsoft Visual Studio Solution File, Format Version 12.00
# Visual Studio Version 17
VisualStudioVersion = 17.1.32319.34
MinimumVisualStudioVersion = 10.0.40219.1
Project("{9A19103F-16F7-4668-BE54-9A1E7A4F7556}") = "Entities", "Entities\Entities.csproj", "{6670BA40-5D5D-4235-B0D9-F711F95875D2}"
EndProject
Project("{9A19103F-16F7-4668-BE54-9A1E7A4F7556}") = "Business", "Business\Business.csproj", "{92729759-C133-49BC-8E36-8C329F495330}"
EndProject
Project("{9A19103F-16F7-4668-BE54-9A1E7A4F7556}") = "Core", "Core\Core.csproj", "{93E47887-8B7C-4810-811C-FE8CA49E857E}"
EndProject
Project("{9A19103F-16F7-4668-BE54-9A1E7A4F7556}") = "DataAccess", "DataAccess\DataAccess.csproj", "{9D0C1811-F7D5-49C5-8AFB-213E37977749}"
EndProject
Project("{9A19103F-16F7-4668-BE54-9A1E7A4F7556}") = "WebAPI", "WebAPI\WebAPI.csproj", "{329DAAE0-2504-4732-A635-8DCC6F10A956}"
EndProject
Project("{9A19103F-16F7-4668-BE54-9A1E7A4F7556}") = "WebAPITest", "TestProject3\WebAPITest.csproj", "{F28E5028-B119-455E-A47A-B142EA45D52A}"
EndProject
Global
	GlobalSection(SolutionConfigurationPlatforms) = preSolution
		Debug|Any CPU = Debug|Any CPU
		Release|Any CPU = Release|Any CPU
	EndGlobalSection
	GlobalSection(ProjectConfigurationPlatforms) = postSolution
		{6670BA40-5D5D-4235-B0D9-F711F95875D2}.Debug|Any CPU.ActiveCfg = Debug|Any CPU
		{6670BA40-5D5D-4235-B0D9-F711F95875D2}.Debug|Any CPU.Build.0 = Debug|Any CPU
		{6670BA40-5D5D-4235-B0D9-F711F95875D2}.Release|Any CPU.ActiveCfg = Release|Any CPU
		{6670BA40-5D5D-4235-B0D9-F711F95875D2}.Release|Any CPU.Build.0 = Release|Any CPU
		{92729759-C133-49BC-8E36-8C329F495330}.Debug|Any CPU.ActiveCfg = Debug|Any CPU
		{92729759-C133-49BC-8E36-8C329F495330}.Debug|Any CPU.Build.0 = Debug|Any CPU
		{92729759-C133-49BC-8E36-8C329F495330}.Release|Any CPU.ActiveCfg = Release|Any CPU
		{92729759-C133-49BC-8E36-8C329F495330}.Release|Any CPU.Build.0 = Release|Any CPU
		{93E47887-8B7C-4810-811C-FE8CA49E857E}.Debug|Any CPU.ActiveCfg = Debug|Any CPU
		{93E47887-8B7C-4810-811C-FE8CA49E857E}.Debug|Any CPU.Build.0 = Debug|Any CPU
		{93E47887-8B7C-4810-811C-FE8CA49E857E}.Release|Any CPU.ActiveCfg = Release|Any CPU
		{93E47887-8B7C-4810-811C-FE8CA49E857E}.Release|Any CPU.Build.0 = Release|Any CPU
		{9D0C1811-F7D5-49C5-8AFB-213E37977749}.Debug|Any CPU.ActiveCfg = Debug|Any CPU
		{9D0C1811-F7D5-49C5-8AFB-213E37977749}.Debug|Any CPU.Build.0 = Debug|Any CPU
		{9D0C1811-F7D5-49C5-8AFB-213E37977749}.Release|Any CPU.ActiveCfg = Release|Any CPU
		{9D0C1811-F7D5-49C5-8AFB-213E37977749}.Release|Any CPU.Build.0 = Release|Any CPU
		{329DAAE0-2504-4732-A635-8DCC6F10A956}.Debug|Any CPU.ActiveCfg = Debug|Any CPU
		{329DAAE0-2504-4732-A635-8DCC6F10A956}.Debug|Any CPU.Build.0 = Debug|Any CPU
		{329DAAE0-2504-4732-A635-8DCC6F10A956}.Release|Any CPU.ActiveCfg = Release|Any CPU
		{329DAAE0-2504-4732-A635-8DCC6F10A956}.Release|Any CPU.Build.0 = Release|Any CPU
		{F28E5028-B119-455E-A47A-B142EA45D52A}.Debug|Any CPU.ActiveCfg = Debug|Any CPU
		{F28E5028-B119-455E-A47A-B142EA45D52A}.Debug|Any CPU.Build.0 = Debug|Any CPU
		{F28E5028-B119-455E-A47A-B142EA45D52A}.Release|Any CPU.ActiveCfg = Release|Any CPU
		{F28E5028-B119-455E-A47A-B142EA45D52A}.Release|Any CPU.Build.0 = Release|Any CPU
	EndGlobalSection
	GlobalSection(SolutionProperties) = preSolution
		HideSolutionNode = FALSE
	EndGlobalSection
	GlobalSection(ExtensibilityGlobals) = postSolution
		SolutionGuid = {753BB015-71DA-4D39-9456-CA917EC912D7}
	EndGlobalSection
EndGlobal
